
Microsoft Visual Studio Solution File, Format Version 12.00
# Visual Studio Version 16
VisualStudioVersion = 16.0.29926.136
MinimumVisualStudioVersion = 10.0.40219.1
Project("{9A19103F-16F7-4668-BE54-9A1E7A4F7556}") = "Types", "Types\Types.csproj", "{F2130D65-AF4F-4425-93A1-D648228031C9}"
EndProject
Project("{9A19103F-16F7-4668-BE54-9A1E7A4F7556}") = "DataAccess", "DataAccess\DataAccess.csproj", "{8BA16D44-FE31-4CEA-A18D-A36EF9E5DCB6}"
EndProject
Project("{9A19103F-16F7-4668-BE54-9A1E7A4F7556}") = "MusicStore", "MusicStore\MusicStore.csproj", "{74F64A50-B32B-44C8-BA76-C3001F5BC050}"
EndProject
Project("{9A19103F-16F7-4668-BE54-9A1E7A4F7556}") = "SecurityAndDebug", "SecurityAndDebug\SecurityAndDebug.csproj", "{16A63FFE-47C8-4918-A6D4-6EFF9E3740A7}"
EndProject
Global
	GlobalSection(SolutionConfigurationPlatforms) = preSolution
		Debug|Any CPU = Debug|Any CPU
		Release|Any CPU = Release|Any CPU
		Test|Any CPU = Test|Any CPU
	EndGlobalSection
	GlobalSection(ProjectConfigurationPlatforms) = postSolution
		{F2130D65-AF4F-4425-93A1-D648228031C9}.Debug|Any CPU.ActiveCfg = Debug|Any CPU
		{F2130D65-AF4F-4425-93A1-D648228031C9}.Debug|Any CPU.Build.0 = Debug|Any CPU
		{F2130D65-AF4F-4425-93A1-D648228031C9}.Release|Any CPU.ActiveCfg = Release|Any CPU
		{F2130D65-AF4F-4425-93A1-D648228031C9}.Release|Any CPU.Build.0 = Release|Any CPU
		{F2130D65-AF4F-4425-93A1-D648228031C9}.Test|Any CPU.ActiveCfg = Test|Any CPU
		{F2130D65-AF4F-4425-93A1-D648228031C9}.Test|Any CPU.Build.0 = Test|Any CPU
		{8BA16D44-FE31-4CEA-A18D-A36EF9E5DCB6}.Debug|Any CPU.ActiveCfg = Debug|Any CPU
		{8BA16D44-FE31-4CEA-A18D-A36EF9E5DCB6}.Debug|Any CPU.Build.0 = Debug|Any CPU
		{8BA16D44-FE31-4CEA-A18D-A36EF9E5DCB6}.Release|Any CPU.ActiveCfg = Release|Any CPU
		{8BA16D44-FE31-4CEA-A18D-A36EF9E5DCB6}.Release|Any CPU.Build.0 = Release|Any CPU
		{8BA16D44-FE31-4CEA-A18D-A36EF9E5DCB6}.Test|Any CPU.ActiveCfg = Test|Any CPU
		{8BA16D44-FE31-4CEA-A18D-A36EF9E5DCB6}.Test|Any CPU.Build.0 = Test|Any CPU
		{74F64A50-B32B-44C8-BA76-C3001F5BC050}.Debug|Any CPU.ActiveCfg = Debug|Any CPU
		{74F64A50-B32B-44C8-BA76-C3001F5BC050}.Debug|Any CPU.Build.0 = Debug|Any CPU
		{74F64A50-B32B-44C8-BA76-C3001F5BC050}.Release|Any CPU.ActiveCfg = Release|Any CPU
		{74F64A50-B32B-44C8-BA76-C3001F5BC050}.Release|Any CPU.Build.0 = Release|Any CPU
		{74F64A50-B32B-44C8-BA76-C3001F5BC050}.Test|Any CPU.ActiveCfg = Test|Any CPU
		{74F64A50-B32B-44C8-BA76-C3001F5BC050}.Test|Any CPU.Build.0 = Test|Any CPU
		{16A63FFE-47C8-4918-A6D4-6EFF9E3740A7}.Debug|Any CPU.ActiveCfg = Debug|Any CPU
		{16A63FFE-47C8-4918-A6D4-6EFF9E3740A7}.Debug|Any CPU.Build.0 = Debug|Any CPU
		{16A63FFE-47C8-4918-A6D4-6EFF9E3740A7}.Release|Any CPU.ActiveCfg = Release|Any CPU
		{16A63FFE-47C8-4918-A6D4-6EFF9E3740A7}.Release|Any CPU.Build.0 = Release|Any CPU
		{16A63FFE-47C8-4918-A6D4-6EFF9E3740A7}.Test|Any CPU.ActiveCfg = Test|Any CPU
		{16A63FFE-47C8-4918-A6D4-6EFF9E3740A7}.Test|Any CPU.Build.0 = Test|Any CPU
	EndGlobalSection
	GlobalSection(SolutionProperties) = preSolution
		HideSolutionNode = FALSE
	EndGlobalSection
	GlobalSection(ExtensibilityGlobals) = postSolution
		SolutionGuid = {1775F7B7-6C61-4020-8844-0C52F9B8ED2B}
	EndGlobalSection
EndGlobal
